PODS:
  - BMPlayer (0.2.7):
    - SnapKit
  - SnapKit (0.40.0.beta2)

DEPENDENCIES:
  - BMPlayer (from `../`)
  - SnapKit (from `https://github.com/SnapKit/SnapKit.git`, branch `feature/0.40.0`)

EXTERNAL SOURCES:
  BMPlayer:
    :path: ../
  SnapKit:
    :branch: feature/0.40.0
    :git: https://github.com/SnapKit/SnapKit.git

CHECKOUT OPTIONS:
  SnapKit:
    :commit: 8fc933a5c2cee28b6d6752a58de94ef7efe37a9c
    :git: https://github.com/SnapKit/SnapKit.git

SPEC CHECKSUMS:
  BMPlayer: 22d3cf1f4cd91c68c17a800e516068d163fc2dde
  SnapKit: 405236dfbf278b9d545db29f3950ae7e7f14f348

PODFILE CHECKSUM: 69a500dda645e4562924cff0920c3bb94d374256

COCOAPODS: 1.0.1
